
Microsoft Visual Studio Solution File, Format Version 12.00
# Visual Studio Version 17
VisualStudioVersion = 17.14.37027.9 d17.14
MinimumVisualStudioVersion = 10.0.40219.1
Project("{FAE04EC0-301F-11D3-BF4B-00C04F79EFBC}") = "SuperSudoku", "SuperSudoku.csproj", "{00A818F2-D027-4588-BB8A-0165530509ED}"
EndProject
Global
	GlobalSection(SolutionConfigurationPlatforms) = preSolution
		Debug|Any CPU = Debug|Any CPU
		Release|Any CPU = Release|Any CPU
	EndGlobalSection
	GlobalSection(ProjectConfigurationPlatforms) = postSolution
		{00A818F2-D027-4588-BB8A-0165530509ED}.Debug|Any CPU.ActiveCfg = Debug|Any CPU
		{00A818F2-D027-4588-BB8A-0165530509ED}.Debug|Any CPU.Build.0 = Debug|Any CPU
		{00A818F2-D027-4588-BB8A-0165530509ED}.Release|Any CPU.ActiveCfg = Release|Any CPU
		{00A818F2-D027-4588-BB8A-0165530509ED}.Release|Any CPU.Build.0 = Release|Any CPU
	EndGlobalSection
	GlobalSection(SolutionProperties) = preSolution
		HideSolutionNode = FALSE
	EndGlobalSection
	GlobalSection(ExtensibilityGlobals) = postSolution
		SolutionGuid = {168454E1-5C43-4214-8848-5543E52F3A92}
	EndGlobalSection
EndGlobal
